
Microsoft Visual Studio Solution File, Format Version 12.00
# Visual Studio Version 17
VisualStudioVersion = 17.7.34031.279
MinimumVisualStudioVersion = 10.0.40219.1
Project("{FAE04EC0-301F-11D3-BF4B-00C04F79EFBC}") = "loginform", "loginform\loginform.csproj", "{2ADB823E-9826-48B7-AE94-ECECA6BA417B}"
EndProject
Global
	GlobalSection(SolutionConfigurationPlatforms) = preSolution
		Debug|Any CPU = Debug|Any CPU
		Release|Any CPU = Release|Any CPU
	EndGlobalSection
	GlobalSection(ProjectConfigurationPlatforms) = postSolution
		{2ADB823E-9826-48B7-AE94-ECECA6BA417B}.Debug|Any CPU.ActiveCfg = Debug|Any CPU
		{2ADB823E-9826-48B7-AE94-ECECA6BA417B}.Debug|Any CPU.Build.0 = Debug|Any CPU
		{2ADB823E-9826-48B7-AE94-ECECA6BA417B}.Release|Any CPU.ActiveCfg = Release|Any CPU
		{2ADB823E-9826-48B7-AE94-ECECA6BA417B}.Release|Any CPU.Build.0 = Release|Any CPU
	EndGlobalSection
	GlobalSection(SolutionProperties) = preSolution
		HideSolutionNode = FALSE
	EndGlobalSection
	GlobalSection(ExtensibilityGlobals) = postSolution
		SolutionGuid = {E2FBBEF7-BA3F-45F2-82E8-B608B4DE78EE}
	EndGlobalSection
EndGlobal
